
Microsoft Visual Studio Solution File, Format Version 12.00
# Visual Studio 15
VisualStudioVersion = 15.0.28010.2016
MinimumVisualStudioVersion = 10.0.40219.1
Project("{9A19103F-16F7-4668-BE54-9A1E7A4F7556}") = "RoslynDocumentor", "RoslynDocumentor\RoslynDocumentor.csproj", "{DEB61B65-72CD-4F18-9DA7-6C5EDFA2F884}"
EndProject
Project("{9A19103F-16F7-4668-BE54-9A1E7A4F7556}") = "Launcher", "Launcher\Launcher.csproj", "{87CF6A16-C63B-4E72-A347-0D87438108D4}"
EndProject
Project("{FAE04EC0-301F-11D3-BF4B-00C04F79EFBC}") = "RoslynDocumentorTests", "RoslynDocumentorTests\RoslynDocumentorTests.csproj", "{100947C6-7E43-4572-BB25-37B83A2EF736}"
EndProject
Global
	GlobalSection(SolutionConfigurationPlatforms) = preSolution
		Debug|Any CPU = Debug|Any CPU
		Release|Any CPU = Release|Any CPU
	EndGlobalSection
	GlobalSection(ProjectConfigurationPlatforms) = postSolution
		{DEB61B65-72CD-4F18-9DA7-6C5EDFA2F884}.Debug|Any CPU.ActiveCfg = Debug|Any CPU
		{DEB61B65-72CD-4F18-9DA7-6C5EDFA2F884}.Debug|Any CPU.Build.0 = Debug|Any CPU
		{DEB61B65-72CD-4F18-9DA7-6C5EDFA2F884}.Release|Any CPU.ActiveCfg = Release|Any CPU
		{DEB61B65-72CD-4F18-9DA7-6C5EDFA2F884}.Release|Any CPU.Build.0 = Release|Any CPU
		{87CF6A16-C63B-4E72-A347-0D87438108D4}.Debug|Any CPU.ActiveCfg = Debug|Any CPU
		{87CF6A16-C63B-4E72-A347-0D87438108D4}.Debug|Any CPU.Build.0 = Debug|Any CPU
		{87CF6A16-C63B-4E72-A347-0D87438108D4}.Release|Any CPU.ActiveCfg = Release|Any CPU
		{87CF6A16-C63B-4E72-A347-0D87438108D4}.Release|Any CPU.Build.0 = Release|Any CPU
		{100947C6-7E43-4572-BB25-37B83A2EF736}.Debug|Any CPU.ActiveCfg = Debug|Any CPU
		{100947C6-7E43-4572-BB25-37B83A2EF736}.Debug|Any CPU.Build.0 = Debug|Any CPU
		{100947C6-7E43-4572-BB25-37B83A2EF736}.Release|Any CPU.ActiveCfg = Release|Any CPU
		{100947C6-7E43-4572-BB25-37B83A2EF736}.Release|Any CPU.Build.0 = Release|Any CPU
	EndGlobalSection
	GlobalSection(SolutionProperties) = preSolution
		HideSolutionNode = FALSE
	EndGlobalSection
	GlobalSection(ExtensibilityGlobals) = postSolution
		SolutionGuid = {575389CC-BCEE-4E01-84E7-387555D69113}
	EndGlobalSection
EndGlobal
